// !$*UTF8*$!
{
	archiveVersion = 1;
	classes = {
	};
	objectVersion = 46;
	objects = {

/* Begin PBXBuildFile section */
		9EDE5D771CDB821400108799 /* AppDelegate.swift in Sources */ = {isa = PBXBuildFile; fileRef = 9EDE5D761CDB821400108799 /* AppDelegate.swift */; };
		9EDE5D791CDB821400108799 /* ViewController.swift in Sources */ = {isa = PBXBuildFile; fileRef = 9EDE5D781CDB821400108799 /* ViewController.swift */; };
		9EDE5D7C1CDB821400108799 /* Main.storyboard in Resources */ = {isa = PBXBuildFile; fileRef = 9EDE5D7A1CDB821400108799 /* Main.storyboard */; };
		9EDE5D7E1CDB821400108799 /* Assets.xcassets in Resources */ = {isa = PBXBuildFile; fileRef = 9EDE5D7D1CDB821400108799 /* Assets.xcassets */; };
		9EDE5D811CDB821400108799 /* LaunchScreen.storyboard in Resources */ = {isa = PBXBuildFile; fileRef = 9EDE5D7F1CDB821400108799 /* LaunchScreen.storyboard */; };
		9EDE5D8C1CDB821400108799 /* UXScrollViewTests.swift in Sources */ = {isa = PBXBuildFile; fileRef = 9EDE5D8B1CDB821400108799 /* UXScrollViewTests.swift */; };
		9EDE5D971CDB821400108799 /* UXScrollViewUITests.swift in Sources */ = {isa = PBXBuildFile; fileRef = 9EDE5D961CDB821400108799 /* UXScrollViewUITests.swift */; };
/* End PBXBuildFile section */

/* Begin PBXContainerItemProxy section */
		9EDE5D881CDB821400108799 /* PBXContainerItemProxy */ = {
			isa = PBXContainerItemProxy;
			containerPortal = 9EDE5D6B1CDB821300108799 /* Project object */;
			proxyType = 1;
			remoteGlobalIDString = 9EDE5D721CDB821300108799;
			remoteInfo = UXScrollView;
		};
		9EDE5D931CDB821400108799 /* PBXContainerItemProxy */ = {
			isa = PBXContainerItemProxy;
			containerPortal = 9EDE5D6B1CDB821300108799 /* Project object */;
			proxyType = 1;
			remoteGlobalIDString = 9EDE5D721CDB821300108799;
			remoteInfo = UXScrollView;
		};
/* End PBXContainerItemProxy section */

/* Begin PBXFileReference section */
		9EDE5D731CDB821400108799 /* UXScrollView.app */ = {isa = PBXFileReference; explicitFileType = wrapper.application; includeInIndex = 0; path = UXScrollView.app; sourceTree = BUILT_PRODUCTS_DIR; };
		9EDE5D761CDB821400108799 /* AppDelegate.swift */ = {isa = PBXFileReference; lastKnownFileType = sourcecode.swift; path = AppDelegate.swift; sourceTree = "<group>"; };
		9EDE5D781CDB821400108799 /* ViewController.swift */ = {isa = PBXFileReference; lastKnownFileType = sourcecode.swift; path = ViewController.swift; sourceTree = "<group>"; };
		9EDE5D7B1CDB821400108799 /* Base */ = {isa = PBXFileReference; lastKnownFileType = file.storyboard; name = Base; path = Base.lproj/Main.storyboard; sourceTree = "<group>"; };
		9EDE5D7D1CDB821400108799 /* Assets.xcassets */ = {isa = PBXFileReference; lastKnownFileType = folder.assetcatalog; path = Assets.xcassets; sourceTree = "<group>"; };
		9EDE5D801CDB821400108799 /* Base */ = {isa = PBXFileReference; lastKnownFileType = file.storyboard; name = Base; path = Base.lproj/LaunchScreen.storyboard; sourceTree = "<group>"; };
		9EDE5D821CDB821400108799 /* Info.plist */ = {isa = PBXFileReference; lastKnownFileType = text.plist.xml; path = Info.plist; sourceTree = "<group>"; };
		9EDE5D871CDB821400108799 /* UXScrollViewTests.xctest */ = {isa = PBXFileReference; explicitFileType = wrapper.cfbundle; includeInIndex = 0; path = UXScrollViewTests.xctest; sourceTree = BUILT_PRODUCTS_DIR; };
		9EDE5D8B1CDB821400108799 /* UXScrollViewTests.swift */ = {isa = PBXFileReference; lastKnownFileType = sourcecode.swift; path = UXScrollViewTests.swift; sourceTree = "<group>"; };
		9EDE5D8D1CDB821400108799 /* Info.plist */ = {isa = PBXFileReference; lastKnownFileType = text.plist.xml; path = Info.plist; sourceTree = "<group>"; };
		9EDE5D921CDB821400108799 /* UXScrollViewUITests.xctest */ = {isa = PBXFileReference; explicitFileType = wrapper.cfbundle; includeInIndex = 0; path = UXScrollViewUITests.xctest; sourceTree = BUILT_PRODUCTS_DIR; };
		9EDE5D961CDB821400108799 /* UXScrollViewUITests.swift */ = {isa = PBXFileReference; lastKnownFileType = sourcecode.swift; path = UXScrollViewUITests.swift; sourceTree = "<group>"; };
		9EDE5D981CDB821400108799 /* Info.plist */ = {isa = PBXFileReference; lastKnownFileType = text.plist.xml; path = Info.plist; sourceTree = "<group>"; };
/* End PBXFileReference section */

/* Begin PBXFrameworksBuildPhase section */
		9EDE5D701CDB821300108799 /* Frameworks */ = {
			isa = PBXFrameworksBuildPhase;
			buildActionMask = 2147483647;
			files = (
			);
			runOnlyForDeploymentPostprocessing = 0;
		};
		9EDE5D841CDB821400108799 /* Frameworks */ = {
			isa = PBXFrameworksBuildPhase;
			buildActionMask = 2147483647;
			files = (
			);
			runOnlyForDeploymentPostprocessing = 0;
		};
		9EDE5D8F1CDB821400108799 /* Frameworks */ = {
			isa = PBXFrameworksBuildPhase;
			buildActionMask = 2147483647;
			files = (
			);
			runOnlyForDeploymentPostprocessing = 0;
		};
/* End PBXFrameworksBuildPhase section */

/* Begin PBXGroup section */
		9EDE5D6A1CDB821300108799 = {
			isa = PBXGroup;
			children = (
				9EDE5D751CDB821400108799 /* UXScrollView */,
				9EDE5D8A1CDB821400108799 /* UXScrollViewTests */,
				9EDE5D951CDB821400108799 /* UXScrollViewUITests */,
				9EDE5D741CDB821400108799 /* Products */,
			);
			sourceTree = "<group>";
		};
		9EDE5D741CDB821400108799 /* Products */ = {
			isa = PBXGroup;
			children = (
				9EDE5D731CDB821400108799 /* UXScrollView.app */,
				9EDE5D871CDB821400108799 /* UXScrollViewTests.xctest */,
				9EDE5D921CDB821400108799 /* UXScrollViewUITests.xctest */,
			);
			name = Products;
			sourceTree = "<group>";
		};
		9EDE5D751CDB821400108799 /* UXScrollView */ = {
			isa = PBXGroup;
			children = (
				9EDE5D761CDB821400108799 /* AppDelegate.swift */,
				9EDE5D781CDB821400108799 /* ViewController.swift */,
				9EDE5D7A1CDB821400108799 /* Main.storyboard */,
				9EDE5D7D1CDB821400108799 /* Assets.xcassets */,
				9EDE5D7F1CDB821400108799 /* LaunchScreen.storyboard */,
				9EDE5D821CDB821400108799 /* Info.plist */,
			);
			path = UXScrollView;
			sourceTree = "<group>";
		};
		9EDE5D8A1CDB821400108799 /* UXScrollViewTests */ = {
			isa = PBXGroup;
			children = (
				9EDE5D8B1CDB821400108799 /* UXScrollViewTests.swift */,
				9EDE5D8D1CDB821400108799 /* Info.plist */,
			);
			path = UXScrollViewTests;
			sourceTree = "<group>";
		};
		9EDE5D951CDB821400108799 /* UXScrollViewUITests */ = {
			isa = PBXGroup;
			children = (
				9EDE5D961CDB821400108799 /* UXScrollViewUITests.swift */,
				9EDE5D981CDB821400108799 /* Info.plist */,
			);
			path = UXScrollViewUITests;
			sourceTree = "<group>";
		};
/* End PBXGroup section */

/* Begin PBXNativeTarget section */
		9EDE5D721CDB821300108799 /* UXScrollView */ = {
			isa = PBXNativeTarget;
			buildConfigurationList = 9EDE5D9B1CDB821400108799 /* Build configuration list for PBXNativeTarget "UXScrollView" */;
			buildPhases = (
				9EDE5D6F1CDB821300108799 /* Sources */,
				9EDE5D701CDB821300108799 /* Frameworks */,
				9EDE5D711CDB821300108799 /* Resources */,
			);
			buildRules = (
			);
			dependencies = (
			);
			name = UXScrollView;
			productName = UXScrollView;
			productReference = 9EDE5D731CDB821400108799 /* UXScrollView.app */;
			productType = "com.apple.product-type.application";
		};
		9EDE5D861CDB821400108799 /* UXScrollViewTests */ = {
			isa = PBXNativeTarget;
			buildConfigurationList = 9EDE5D9E1CDB821400108799 /* Build configuration list for PBXNativeTarget "UXScrollViewTests" */;
			buildPhases = (
				9EDE5D831CDB821400108799 /* Sources */,
				9EDE5D841CDB821400108799 /* Frameworks */,
				9EDE5D851CDB821400108799 /* Resources */,
			);
			buildRules = (
			);
			dependencies = (
				9EDE5D891CDB821400108799 /* PBXTargetDependency */,
			);
			name = UXScrollViewTests;
			productName = UXScrollViewTests;
			productReference = 9EDE5D871CDB821400108799 /* UXScrollViewTests.xctest */;
			productType = "com.apple.product-type.bundle.unit-test";
		};
		9EDE5D911CDB821400108799 /* UXScrollViewUITests */ = {
			isa = PBXNativeTarget;
			buildConfigurationList = 9EDE5DA11CDB821400108799 /* Build configuration list for PBXNativeTarget "UXScrollViewUITests" */;
			buildPhases = (
				9EDE5D8E1CDB821400108799 /* Sources */,
				9EDE5D8F1CDB821400108799 /* Frameworks */,
				9EDE5D901CDB821400108799 /* Resources */,
			);
			buildRules = (
			);
			dependencies = (
				9EDE5D941CDB821400108799 /* PBXTargetDependency */,
			);
			name = UXScrollViewUITests;
			productName = UXScrollViewUITests;
			productReference = 9EDE5D921CDB821400108799 /* UXScrollViewUITests.xctest */;
			productType = "com.apple.product-type.bundle.ui-testing";
		};
/* End PBXNativeTarget section */

/* Begin PBXProject section */
		9EDE5D6B1CDB821300108799 /* Project object */ = {
			isa = PBXProject;
			attributes = {
				LastSwiftUpdateCheck = 0730;
				LastUpgradeCheck = 0730;
				ORGANIZATIONNAME = "Michael Nino Evensen";
				TargetAttributes = {
					9EDE5D721CDB821300108799 = {
						CreatedOnToolsVersion = 7.3;
						DevelopmentTeam = 9CV8MBD695;
					};
					9EDE5D861CDB821400108799 = {
						CreatedOnToolsVersion = 7.3;
						DevelopmentTeam = 9CV8MBD695;
						TestTargetID = 9EDE5D721CDB821300108799;
					};
					9EDE5D911CDB821400108799 = {
						CreatedOnToolsVersion = 7.3;
						DevelopmentTeam = 9CV8MBD695;
						TestTargetID = 9EDE5D721CDB821300108799;
					};
				};
			};
			buildConfigurationList = 9EDE5D6E1CDB821300108799 /* Build configuration list for PBXProject "UXScrollView" */;
			compatibilityVersion = "Xcode 3.2";
			developmentRegion = English;
			hasScannedForEncodings = 0;
			knownRegions = (
				en,
				Base,
			);
			mainGroup = 9EDE5D6A1CDB821300108799;
			productRefGroup = 9EDE5D741CDB821400108799 /* Products */;
			projectDirPath = "";
			projectRoot = "";
			targets = (
				9EDE5D721CDB821300108799 /* UXScrollView */,
				9EDE5D861CDB821400108799 /* UXScrollViewTests */,
				9EDE5D911CDB821400108799 /* UXScrollViewUITests */,
			);
		};
/* End PBXProject section */

/* Begin PBXResourcesBuildPhase section */
		9EDE5D711CDB821300108799 /* Resources */ = {
			isa = PBXResourcesBuildPhase;
			buildActionMask = 2147483647;
			files = (
				9EDE5D811CDB821400108799 /* LaunchScreen.storyboard in Resources */,
				9EDE5D7E1CDB821400108799 /* Assets.xcassets in Resources */,
				9EDE5D7C1CDB821400108799 /* Main.storyboard in Resources */,
			);
			runOnlyForDeploymentPostprocessing = 0;
		};
		9EDE5D851CDB821400108799 /* Resources */ = {
			isa = PBXResourcesBuildPhase;
			buildActionMask = 2147483647;
			files = (
			);
			runOnlyForDeploymentPostprocessing = 0;
		};
		9EDE5D901CDB821400108799 /* Resources */ = {
			isa = PBXResourcesBuildPhase;
			buildActionMask = 2147483647;
			files = (
			);
			runOnlyForDeploymentPostprocessing = 0;
		};
/* End PBXResourcesBuildPhase section */

/* Begin PBXSourcesBuildPhase section */
		9EDE5D6F1CDB821300108799 /* Sources */ = {
			isa = PBXSourcesBuildPhase;
			buildActionMask = 2147483647;
			files = (
				9EDE5D791CDB821400108799 /* ViewController.swift in Sources */,
				9EDE5D771CDB821400108799 /* AppDelegate.swift in Sources */,
			);
			runOnlyForDeploymentPostprocessing = 0;
		};
		9EDE5D831CDB821400108799 /* Sources */ = {
			isa = PBXSourcesBuildPhase;
			buildActionMask = 2147483647;
			files = (
				9EDE5D8C1CDB821400108799 /* UXScrollViewTests.swift in Sources */,
			);
			runOnlyForDeploymentPostprocessing = 0;
		};
		9EDE5D8E1CDB821400108799 /* Sources */ = {
			isa = PBXSourcesBuildPhase;
			buildActionMask = 2147483647;
			files = (
				9EDE5D971CDB821400108799 /* UXScrollViewUITests.swift in Sources */,
			);
			runOnlyForDeploymentPostprocessing = 0;
		};
/* End PBXSourcesBuildPhase section */

/* Begin PBXTargetDependency section */
		9EDE5D891CDB821400108799 /* PBXTargetDependency */ = {
			isa = PBXTargetDependency;
			target = 9EDE5D721CDB821300108799 /* UXScrollView */;
			targetProxy = 9EDE5D881CDB821400108799 /* PBXContainerItemProxy */;
		};
		9EDE5D941CDB821400108799 /* PBXTargetDependency */ = {
			isa = PBXTargetDependency;
			target = 9EDE5D721CDB821300108799 /* UXScrollView */;
			targetProxy = 9EDE5D931CDB821400108799 /* PBXContainerItemProxy */;
		};
/* End PBXTargetDependency section */

/* Begin PBXVariantGroup section */
		9EDE5D7A1CDB821400108799 /* Main.storyboard */ = {
			isa = PBXVariantGroup;
			children = (
				9EDE5D7B1CDB821400108799 /* Base */,
			);
			name = Main.storyboard;
			sourceTree = "<group>";
		};
		9EDE5D7F1CDB821400108799 /* LaunchScreen.storyboard */ = {
			isa = PBXVariantGroup;
			children = (
				9EDE5D801CDB821400108799 /* Base */,
			);
			name = LaunchScreen.storyboard;
			sourceTree = "<group>";
		};
/* End PBXVariantGroup section */

/* Begin XCBuildConfiguration section */
		9EDE5D991CDB821400108799 /* Debug */ = {
			isa = XCBuildConfiguration;
			buildSettings = {
				ALWAYS_SEARCH_USER_PATHS = NO;
				CLANG_ANALYZER_NONNULL = YES;
				CLANG_CXX_LANGUAGE_STANDARD = "gnu++0x";
				CLANG_CXX_LIBRARY = "libc++";
				CLANG_ENABLE_MODULES = YES;
				CLANG_ENABLE_OBJC_ARC = YES;
				CLANG_WARN_BOOL_CONVERSION = YES;
				CLANG_WARN_CONSTANT_CONVERSION = YES;
				CLANG_WARN_DIRECT_OBJC_ISA_USAGE = YES_ERROR;
				CLANG_WARN_EMPTY_BODY = YES;
				CLANG_WARN_ENUM_CONVERSION = YES;
				CLANG_WARN_INT_CONVERSION = YES;
				CLANG_WARN_OBJC_ROOT_CLASS = YES_ERROR;
				CLANG_WARN_UNREACHABLE_CODE = YES;
				CLANG_WARN__DUPLICATE_METHOD_MATCH = YES;
				"CODE_SIGN_IDENTITY[sdk=iphoneos*]" = "iPhone Developer";
				COPY_PHASE_STRIP = NO;
				DEBUG_INFORMATION_FORMAT = dwarf;
				ENABLE_STRICT_OBJC_MSGSEND = YES;
				ENABLE_TESTABILITY = YES;
				GCC_C_LANGUAGE_STANDARD = gnu99;
				GCC_DYNAMIC_NO_PIC = NO;
				GCC_NO_COMMON_BLOCKS = YES;
				GCC_OPTIMIZATION_LEVEL = 0;
				GCC_PREPROCESSOR_DEFINITIONS = (
					"DEBUG=1",
					"$(inherited)",
				);
				GCC_WARN_64_TO_32_BIT_CONVERSION = YES;
				GCC_WARN_ABOUT_RETURN_TYPE = YES_ERROR;
				GCC_WARN_UNDECLARED_SELECTOR = YES;
				GCC_WARN_UNINITIALIZED_AUTOS = YES_AGGRESSIVE;
				GCC_WARN_UNUSED_FUNCTION = YES;
				GCC_WARN_UNUSED_VARIABLE = YES;
				IPHONEOS_DEPLOYMENT_TARGET = 9.3;
				MTL_ENABLE_DEBUG_INFO = YES;
				ONLY_ACTIVE_ARCH = YES;
				SDKROOT = iphoneos;
				SWIFT_OPTIMIZATION_LEVEL = "-Onone";
				TARGETED_DEVICE_FAMILY = "1,2";
			};
			name = Debug;
		};
		9EDE5D9A1CDB821400108799 /* Release */ = {
			isa = XCBuildConfiguration;
			buildSettings = {
				ALWAYS_SEARCH_USER_PATHS = NO;
				CLANG_ANALYZER_NONNULL = YES;
				CLANG_CXX_LANGUAGE_STANDARD = "gnu++0x";
				CLANG_CXX_LIBRARY = "libc++";
				CLANG_ENABLE_MODULES = YES;
				CLANG_ENABLE_OBJC_ARC = YES;
				CLANG_WARN_BOOL_CONVERSION = YES;
				CLANG_WARN_CONSTANT_CONVERSION = YES;
				CLANG_WARN_DIRECT_OBJC_ISA_USAGE = YES_ERROR;
				CLANG_WARN_EMPTY_BODY = YES;
				CLANG_WARN_ENUM_CONVERSION = YES;
				CLANG_WARN_INT_CONVERSION = YES;
				CLANG_WARN_OBJC_ROOT_CLASS = YES_ERROR;
				CLANG_WARN_UNREACHABLE_CODE = YES;
				CLANG_WARN__DUPLICATE_METHOD_MATCH = YES;
				"CODE_SIGN_IDENTITY[sdk=iphoneos*]" = "iPhone Developer";
				COPY_PHASE_STRIP = NO;
				DEBUG_INFORMATION_FORMAT = "dwarf-with-dsym";
				ENABLE_NS_ASSERTIONS = NO;
				ENABLE_STRICT_OBJC_MSGSEND = YES;
				GCC_C_LANGUAGE_STANDARD = gnu99;
				GCC_NO_COMMON_BLOCKS = YES;
				GCC_WARN_64_TO_32_BIT_CONVERSION = YES;
				GCC_WARN_ABOUT_RETURN_TYPE = YES_ERROR;
				GCC_WARN_UNDECLARED_SELECTOR = YES;
				GCC_WARN_UNINITIALIZED_AUTOS = YES_AGGRESSIVE;
				GCC_WARN_UNUSED_FUNCTION = YES;
				GCC_WARN_UNUSED_VARIABLE = YES;
				IPHONEOS_DEPLOYMENT_TARGET = 9.3;
				MTL_ENABLE_DEBUG_INFO = NO;
				SDKROOT = iphoneos;
				TARGETED_DEVICE_FAMILY = "1,2";
				VALIDATE_PRODUCT = YES;
			};
			name = Release;
		};
		9EDE5D9C1CDB821400108799 /* Debug */ = {
			isa = XCBuildConfiguration;
			buildSettings = {
				ASSETCATALOG_COMPILER_APPICON_NAME = AppIcon;
				INFOPLIST_FILE = UXScrollView/Info.plist;
				LD_RUNPATH_SEARCH_PATHS = "$(inherited) @executable_path/Frameworks";
				PRODUCT_BUNDLE_IDENTIFIER = no.michaelevensen.UXScrollView;
				PRODUCT_NAME = "$(TARGET_NAME)";
			};
			name = Debug;
		};
		9EDE5D9D1CDB821400108799 /* Release */ = {
			isa = XCBuildConfiguration;
			buildSettings = {
				ASSETCATALOG_COMPILER_APPICON_NAME = AppIcon;
				INFOPLIST_FILE = UXScrollView/Info.plist;
				LD_RUNPATH_SEARCH_PATHS = "$(inherited) @executable_path/Frameworks";
				PRODUCT_BUNDLE_IDENTIFIER = no.michaelevensen.UXScrollView;
				PRODUCT_NAME = "$(TARGET_NAME)";
			};
			name = Release;
		};
		9EDE5D9F1CDB821400108799 /* Debug */ = {
			isa = XCBuildConfiguration;
			buildSettings = {
				BUNDLE_LOADER = "$(TEST_HOST)";
				INFOPLIST_FILE = UXScrollViewTests/Info.plist;
				LD_RUNPATH_SEARCH_PATHS = "$(inherited) @executable_path/Frameworks @loader_path/Frameworks";
				PRODUCT_BUNDLE_IDENTIFIER = no.michaelevensen.UXScrollViewTests;
				PRODUCT_NAME = "$(TARGET_NAME)";
				TEST_HOST = "$(BUILT_PRODUCTS_DIR)/UXScrollView.app/UXScrollView";
			};
			name = Debug;
		};
		9EDE5DA01CDB821400108799 /* Release */ = {
			isa = XCBuildConfiguration;
			buildSettings = {
				BUNDLE_LOADER = "$(TEST_HOST)";
				INFOPLIST_FILE = UXScrollViewTests/Info.plist;
				LD_RUNPATH_SEARCH_PATHS = "$(inherited) @executable_path/Frameworks @loader_path/Frameworks";
				PRODUCT_BUNDLE_IDENTIFIER = no.michaelevensen.UXScrollViewTests;
				PRODUCT_NAME = "$(TARGET_NAME)";
				TEST_HOST = "$(BUILT_PRODUCTS_DIR)/UXScrollView.app/UXScrollView";
			};
			name = Release;
		};
		9EDE5DA21CDB821400108799 /* Debug */ = {
			isa = XCBuildConfiguration;
			buildSettings = {
				INFOPLIST_FILE = UXScrollViewUITests/Info.plist;
				LD_RUNPATH_SEARCH_PATHS = "$(inherited) @executable_path/Frameworks @loader_path/Frameworks";
				PRODUCT_BUNDLE_IDENTIFIER = no.michaelevensen.UXScrollViewUITests;
				PRODUCT_NAME = "$(TARGET_NAME)";
				TEST_TARGET_NAME = UXScrollView;
			};
			name = Debug;
		};
		9EDE5DA31CDB821400108799 /* Release */ = {
			isa = XCBuildConfiguration;
			buildSettings = {
				INFOPLIST_FILE = UXScrollViewUITests/Info.plist;
				LD_RUNPATH_SEARCH_PATHS = "$(inherited) @executable_path/Frameworks @loader_path/Frameworks";
				PRODUCT_BUNDLE_IDENTIFIER = no.michaelevensen.UXScrollViewUITests;
				PRODUCT_NAME = "$(TARGET_NAME)";
				TEST_TARGET_NAME = UXScrollView;
			};
			name = Release;
		};
/* End XCBuildConfiguration section */

/* Begin XCConfigurationList section */
		9EDE5D6E1CDB821300108799 /* Build configuration list for PBXProject "UXScrollView" */ = {
			isa = XCConfigurationList;
			buildConfigurations = (
				9EDE5D991CDB821400108799 /* Debug */,
				9EDE5D9A1CDB821400108799 /* Release */,
			);
			defaultConfigurationIsVisible = 0;
			defaultConfigurationName = Release;
		};
		9EDE5D9B1CDB821400108799 /* Build configuration list for PBXNativeTarget "UXScrollView" */ = {
			isa = XCConfigurationList;
			buildConfigurations = (
				9EDE5D9C1CDB821400108799 /* Debug */,
				9EDE5D9D1CDB821400108799 /* Release */,
			);
			defaultConfigurationIsVisible = 0;
		};
		9EDE5D9E1CDB821400108799 /* Build configuration list for PBXNativeTarget "UXScrollViewTests" */ = {
			isa = XCConfigurationList;
			buildConfigurations = (
				9EDE5D9F1CDB821400108799 /* Debug */,
				9EDE5DA01CDB821400108799 /* Release */,
			);
			defaultConfigurationIsVisible = 0;
		};
		9EDE5DA11CDB821400108799 /* Build configuration list for PBXNativeTarget "UXScrollViewUITests" */ = {
			isa = XCConfigurationList;
			buildConfigurations = (
				9EDE5DA21CDB821400108799 /* Debug */,
				9EDE5DA31CDB821400108799 /* Release */,
			);
			defaultConfigurationIsVisible = 0;
		};
/* End XCConfigurationList section */
	};
	rootObject = 9EDE5D6B1CDB821300108799 /* Project object */;
}
